
Microsoft Visual Studio Solution File, Format Version 12.00
# Visual Studio Version 17
VisualStudioVersion = 17.0.31903.59
MinimumVisualStudioVersion = 10.0.40219.1
Project("{FAE04EC0-301F-11D3-BF4B-00C04F79EFBC}") = "Api_Impl", "Api_Impl\Api_Impl.csproj", "{14ABE55F-2C2E-46A8-9920-4668B20C744A}"
EndProject
Global
	GlobalSection(SolutionConfigurationPlatforms) = preSolution
		Debug|Any CPU = Debug|Any CPU
		Debug|x64 = Debug|x64
		Debug|x86 = Debug|x86
		Release|Any CPU = Release|Any CPU
		Release|x64 = Release|x64
		Release|x86 = Release|x86
	EndGlobalSection
	GlobalSection(ProjectConfigurationPlatforms) = postSolution
		{14ABE55F-2C2E-46A8-9920-4668B20C744A}.Debug|Any CPU.ActiveCfg = Debug|Any CPU
		{14ABE55F-2C2E-46A8-9920-4668B20C744A}.Debug|Any CPU.Build.0 = Debug|Any CPU
		{14ABE55F-2C2E-46A8-9920-4668B20C744A}.Debug|x64.ActiveCfg = Debug|Any CPU
		{14ABE55F-2C2E-46A8-9920-4668B20C744A}.Debug|x64.Build.0 = Debug|Any CPU
		{14ABE55F-2C2E-46A8-9920-4668B20C744A}.Debug|x86.ActiveCfg = Debug|Any CPU
		{14ABE55F-2C2E-46A8-9920-4668B20C744A}.Debug|x86.Build.0 = Debug|Any CPU
		{14ABE55F-2C2E-46A8-9920-4668B20C744A}.Release|Any CPU.ActiveCfg = Release|Any CPU
		{14ABE55F-2C2E-46A8-9920-4668B20C744A}.Release|Any CPU.Build.0 = Release|Any CPU
		{14ABE55F-2C2E-46A8-9920-4668B20C744A}.Release|x64.ActiveCfg = Release|Any CPU
		{14ABE55F-2C2E-46A8-9920-4668B20C744A}.Release|x64.Build.0 = Release|Any CPU
		{14ABE55F-2C2E-46A8-9920-4668B20C744A}.Release|x86.ActiveCfg = Release|Any CPU
		{14ABE55F-2C2E-46A8-9920-4668B20C744A}.Release|x86.Build.0 = Release|Any CPU
	EndGlobalSection
	GlobalSection(SolutionProperties) = preSolution
		HideSolutionNode = FALSE
	EndGlobalSection
EndGlobal
